// !$*UTF8*$!
{
	archiveVersion = 1;
	classes = {
	};
	objectVersion = 56;
	objects = {

/* Begin PBXBuildFile section */
		07D443872B66B9B90026ADEB /* iSwiftAssignment1App.swift in Sources */ = {isa = PBXBuildFile; fileRef = 07D443862B66B9B90026ADEB /* iSwiftAssignment1App.swift */; };
		07D443892B66B9B90026ADEB /* ContentView.swift in Sources */ = {isa = PBXBuildFile; fileRef = 07D443882B66B9B90026ADEB /* ContentView.swift */; };
		07D4438B2B66B9BB0026ADEB /* Assets.xcassets in Resources */ = {isa = PBXBuildFile; fileRef = 07D4438A2B66B9BB0026ADEB /* Assets.xcassets */; };
		07D4438E2B66B9BB0026ADEB /* Preview Assets.xcassets in Resources */ = {isa = PBXBuildFile; fileRef = 07D4438D2B66B9BB0026ADEB /* Preview Assets.xcassets */; };
		07D443962B6768280026ADEB /* Onboarding.swift in Sources */ = {isa = PBXBuildFile; fileRef = 07D443952B6768280026ADEB /* Onboarding.swift */; };
		07D443982B6769D00026ADEB /* OnboardingSingleView.swift in Sources */ = {isa = PBXBuildFile; fileRef = 07D443972B6769D00026ADEB /* OnboardingSingleView.swift */; };
		07D4439A2B676F710026ADEB /* OnboardingView.swift in Sources */ = {isa = PBXBuildFile; fileRef = 07D443992B676F710026ADEB /* OnboardingView.swift */; };
		07D4439C2B677C6C0026ADEB /* CustomDotIndicator.swift in Sources */ = {isa = PBXBuildFile; fileRef = 07D4439B2B677C6C0026ADEB /* CustomDotIndicator.swift */; };
/* End PBXBuildFile section */

/* Begin PBXFileReference section */
		07D443832B66B9B90026ADEB /* iSwiftAssignment1.app */ = {isa = PBXFileReference; explicitFileType = wrapper.application; includeInIndex = 0; path = iSwiftAssignment1.app; sourceTree = BUILT_PRODUCTS_DIR; };
		07D443862B66B9B90026ADEB /* iSwiftAssignment1App.swift */ = {isa = PBXFileReference; lastKnownFileType = sourcecode.swift; path = iSwiftAssignment1App.swift; sourceTree = "<group>"; };
		07D443882B66B9B90026ADEB /* ContentView.swift */ = {isa = PBXFileReference; lastKnownFileType = sourcecode.swift; path = ContentView.swift; sourceTree = "<group>"; };
		07D4438A2B66B9BB0026ADEB /* Assets.xcassets */ = {isa = PBXFileReference; lastKnownFileType = folder.assetcatalog; path = Assets.xcassets; sourceTree = "<group>"; };
		07D4438D2B66B9BB0026ADEB /* Preview Assets.xcassets */ = {isa = PBXFileReference; lastKnownFileType = folder.assetcatalog; path = "Preview Assets.xcassets"; sourceTree = "<group>"; };
		07D443952B6768280026ADEB /* Onboarding.swift */ = {isa = PBXFileReference; lastKnownFileType = sourcecode.swift; path = Onboarding.swift; sourceTree = "<group>"; };
		07D443972B6769D00026ADEB /* OnboardingSingleView.swift */ = {isa = PBXFileReference; lastKnownFileType = sourcecode.swift; path = OnboardingSingleView.swift; sourceTree = "<group>"; };
		07D443992B676F710026ADEB /* OnboardingView.swift */ = {isa = PBXFileReference; lastKnownFileType = sourcecode.swift; path = OnboardingView.swift; sourceTree = "<group>"; };
		07D4439B2B677C6C0026ADEB /* CustomDotIndicator.swift */ = {isa = PBXFileReference; lastKnownFileType = sourcecode.swift; path = CustomDotIndicator.swift; sourceTree = "<group>"; };
/* End PBXFileReference section */

/* Begin PBXFrameworksBuildPhase section */
		07D443802B66B9B90026ADEB /* Frameworks */ = {
			isa = PBXFrameworksBuildPhase;
			buildActionMask = 2147483647;
			files = (
			);
			runOnlyForDeploymentPostprocessing = 0;
		};
/* End PBXFrameworksBuildPhase section */

/* Begin PBXGroup section */
		074E9ADE2B67A7C800B968D1 /* App */ = {
			isa = PBXGroup;
			children = (
				07D443862B66B9B90026ADEB /* iSwiftAssignment1App.swift */,
			);
			path = App;
			sourceTree = "<group>";
		};
		074E9ADF2B67A7CE00B968D1 /* Views */ = {
			isa = PBXGroup;
			children = (
				07D443882B66B9B90026ADEB /* ContentView.swift */,
				07D443992B676F710026ADEB /* OnboardingView.swift */,
				07D443972B6769D00026ADEB /* OnboardingSingleView.swift */,
			);
			path = Views;
			sourceTree = "<group>";
		};
		074E9AE02B67A7E600B968D1 /* Resources */ = {
			isa = PBXGroup;
			children = (
				07D4438A2B66B9BB0026ADEB /* Assets.xcassets */,
			);
			path = Resources;
			sourceTree = "<group>";
		};
		07D4437A2B66B9B90026ADEB = {
			isa = PBXGroup;
			children = (
				07D443852B66B9B90026ADEB /* iSwiftAssignment1 */,
				07D443842B66B9B90026ADEB /* Products */,
			);
			sourceTree = "<group>";
		};
		07D443842B66B9B90026ADEB /* Products */ = {
			isa = PBXGroup;
			children = (
				07D443832B66B9B90026ADEB /* iSwiftAssignment1.app */,
			);
			name = Products;
			sourceTree = "<group>";
		};
		07D443852B66B9B90026ADEB /* iSwiftAssignment1 */ = {
			isa = PBXGroup;
			children = (
				074E9AE02B67A7E600B968D1 /* Resources */,
				074E9ADF2B67A7CE00B968D1 /* Views */,
				074E9ADE2B67A7C800B968D1 /* App */,
				07D443942B6768120026ADEB /* Model */,
				07D4438C2B66B9BB0026ADEB /* Preview Content */,
			);
			path = iSwiftAssignment1;
			sourceTree = "<group>";
		};
		07D4438C2B66B9BB0026ADEB /* Preview Content */ = {
			isa = PBXGroup;
			children = (
				07D4438D2B66B9BB0026ADEB /* Preview Assets.xcassets */,
			);
			path = "Preview Content";
			sourceTree = "<group>";
		};
		07D443942B6768120026ADEB /* Model */ = {
			isa = PBXGroup;
			children = (
				07D4439B2B677C6C0026ADEB /* CustomDotIndicator.swift */,
				07D443952B6768280026ADEB /* Onboarding.swift */,
			);
			path = Model;
			sourceTree = "<group>";
		};
/* End PBXGroup section */

/* Begin PBXNativeTarget section */
		07D443822B66B9B90026ADEB /* iSwiftAssignment1 */ = {
			isa = PBXNativeTarget;
			buildConfigurationList = 07D443912B66B9BB0026ADEB /* Build configuration list for PBXNativeTarget "iSwiftAssignment1" */;
			buildPhases = (
				07D4437F2B66B9B90026ADEB /* Sources */,
				07D443802B66B9B90026ADEB /* Frameworks */,
				07D443812B66B9B90026ADEB /* Resources */,
			);
			buildRules = (
			);
			dependencies = (
			);
			name = iSwiftAssignment1;
			productName = iSwiftAssignment1;
			productReference = 07D443832B66B9B90026ADEB /* iSwiftAssignment1.app */;
			productType = "com.apple.product-type.application";
		};
/* End PBXNativeTarget section */

/* Begin PBXProject section */
		07D4437B2B66B9B90026ADEB /* Project object */ = {
			isa = PBXProject;
			attributes = {
				BuildIndependentTargetsInParallel = 1;
				LastSwiftUpdateCheck = 1510;
				LastUpgradeCheck = 1510;
				TargetAttributes = {
					07D443822B66B9B90026ADEB = {
						CreatedOnToolsVersion = 15.1;
					};
				};
			};
			buildConfigurationList = 07D4437E2B66B9B90026ADEB /* Build configuration list for PBXProject "iSwiftAssignment1" */;
			compatibilityVersion = "Xcode 14.0";
			developmentRegion = en;
			hasScannedForEncodings = 0;
			knownRegions = (
				en,
				Base,
			);
			mainGroup = 07D4437A2B66B9B90026ADEB;
			productRefGroup = 07D443842B66B9B90026ADEB /* Products */;
			projectDirPath = "";
			projectRoot = "";
			targets = (
				07D443822B66B9B90026ADEB /* iSwiftAssignment1 */,
			);
		};
/* End PBXProject section */

/* Begin PBXResourcesBuildPhase section */
		07D443812B66B9B90026ADEB /* Resources */ = {
			isa = PBXResourcesBuildPhase;
			buildActionMask = 2147483647;
			files = (
				07D4438E2B66B9BB0026ADEB /* Preview Assets.xcassets in Resources */,
				07D4438B2B66B9BB0026ADEB /* Assets.xcassets in Resources */,
			);
			runOnlyForDeploymentPostprocessing = 0;
		};
/* End PBXResourcesBuildPhase section */

/* Begin PBXSourcesBuildPhase section */
		07D4437F2B66B9B90026ADEB /* Sources */ = {
			isa = PBXSourcesBuildPhase;
			buildActionMask = 2147483647;
			files = (
				07D443982B6769D00026ADEB /* OnboardingSingleView.swift in Sources */,
				07D443962B6768280026ADEB /* Onboarding.swift in Sources */,
				07D4439C2B677C6C0026ADEB /* CustomDotIndicator.swift in Sources */,
				07D443892B66B9B90026ADEB /* ContentView.swift in Sources */,
				07D4439A2B676F710026ADEB /* OnboardingView.swift in Sources */,
				07D443872B66B9B90026ADEB /* iSwiftAssignment1App.swift in Sources */,
			);
			runOnlyForDeploymentPostprocessing = 0;
		};
/* End PBXSourcesBuildPhase section */

/* Begin XCBuildConfiguration section */
		07D4438F2B66B9BB0026ADEB /* Debug */ = {
			isa = XCBuildConfiguration;
			buildSettings = {
				ALWAYS_SEARCH_USER_PATHS = NO;
				ASSETCATALOG_COMPILER_GENERATE_SWIFT_ASSET_SYMBOL_EXTENSIONS = YES;
				CLANG_ANALYZER_NONNULL = YES;
				CLANG_ANALYZER_NUMBER_OBJECT_CONVERSION = YES_AGGRESSIVE;
				CLANG_CXX_LANGUAGE_STANDARD = "gnu++20";
				CLANG_ENABLE_MODULES = YES;
				CLANG_ENABLE_OBJC_ARC = YES;
				CLANG_ENABLE_OBJC_WEAK = YES;
				CLANG_WARN_BLOCK_CAPTURE_AUTORELEASING = YES;
				CLANG_WARN_BOOL_CONVERSION = YES;
				CLANG_WARN_COMMA = YES;
				CLANG_WARN_CONSTANT_CONVERSION = YES;
				CLANG_WARN_DEPRECATED_OBJC_IMPLEMENTATIONS = YES;
				CLANG_WARN_DIRECT_OBJC_ISA_USAGE = YES_ERROR;
				CLANG_WARN_DOCUMENTATION_COMMENTS = YES;
				CLANG_WARN_EMPTY_BODY = YES;
				CLANG_WARN_ENUM_CONVERSION = YES;
				CLANG_WARN_INFINITE_RECURSION = YES;
				CLANG_WARN_INT_CONVERSION = YES;
				CLANG_WARN_NON_LITERAL_NULL_CONVERSION = YES;
				CLANG_WARN_OBJC_IMPLICIT_RETAIN_SELF = YES;
				CLANG_WARN_OBJC_LITERAL_CONVERSION = YES;
				CLANG_WARN_OBJC_ROOT_CLASS = YES_ERROR;
				CLANG_WARN_QUOTED_INCLUDE_IN_FRAMEWORK_HEADER = YES;
				CLANG_WARN_RANGE_LOOP_ANALYSIS = YES;
				CLANG_WARN_STRICT_PROTOTYPES = YES;
				CLANG_WARN_SUSPICIOUS_MOVE = YES;
				CLANG_WARN_UNGUARDED_AVAILABILITY = YES_AGGRESSIVE;
				CLANG_WARN_UNREACHABLE_CODE = YES;
				CLANG_WARN__DUPLICATE_METHOD_MATCH = YES;
				COPY_PHASE_STRIP = NO;
				DEBUG_INFORMATION_FORMAT = dwarf;
				ENABLE_STRICT_OBJC_MSGSEND = YES;
				ENABLE_TESTABILITY = YES;
				ENABLE_USER_SCRIPT_SANDBOXING = YES;
				GCC_C_LANGUAGE_STANDARD = gnu17;
				GCC_DYNAMIC_NO_PIC = NO;
				GCC_NO_COMMON_BLOCKS = YES;
				GCC_OPTIMIZATION_LEVEL = 0;
				GCC_PREPROCESSOR_DEFINITIONS = (
					"DEBUG=1",
					"$(inherited)",
				);
				GCC_WARN_64_TO_32_BIT_CONVERSION = YES;
				GCC_WARN_ABOUT_RETURN_TYPE = YES_ERROR;
				GCC_WARN_UNDECLARED_SELECTOR = YES;
				GCC_WARN_UNINITIALIZED_AUTOS = YES_AGGRESSIVE;
				GCC_WARN_UNUSED_FUNCTION = YES;
				GCC_WARN_UNUSED_VARIABLE = YES;
				IPHONEOS_DEPLOYMENT_TARGET = 17.2;
				LOCALIZATION_PREFERS_STRING_CATALOGS = YES;
				MTL_ENABLE_DEBUG_INFO = INCLUDE_SOURCE;
				MTL_FAST_MATH = YES;
				ONLY_ACTIVE_ARCH = YES;
				SDKROOT = iphoneos;
				SWIFT_ACTIVE_COMPILATION_CONDITIONS = "DEBUG $(inherited)";
				SWIFT_OPTIMIZATION_LEVEL = "-Onone";
			};
			name = Debug;
		};
		07D443902B66B9BB0026ADEB /* Release */ = {
			isa = XCBuildConfiguration;
			buildSettings = {
				ALWAYS_SEARCH_USER_PATHS = NO;
				ASSETCATALOG_COMPILER_GENERATE_SWIFT_ASSET_SYMBOL_EXTENSIONS = YES;
				CLANG_ANALYZER_NONNULL = YES;
				CLANG_ANALYZER_NUMBER_OBJECT_CONVERSION = YES_AGGRESSIVE;
				CLANG_CXX_LANGUAGE_STANDARD = "gnu++20";
				CLANG_ENABLE_MODULES = YES;
				CLANG_ENABLE_OBJC_ARC = YES;
				CLANG_ENABLE_OBJC_WEAK = YES;
				CLANG_WARN_BLOCK_CAPTURE_AUTORELEASING = YES;
				CLANG_WARN_BOOL_CONVERSION = YES;
				CLANG_WARN_COMMA = YES;
				CLANG_WARN_CONSTANT_CONVERSION = YES;
				CLANG_WARN_DEPRECATED_OBJC_IMPLEMENTATIONS = YES;
				CLANG_WARN_DIRECT_OBJC_ISA_USAGE = YES_ERROR;
				CLANG_WARN_DOCUMENTATION_COMMENTS = YES;
				CLANG_WARN_EMPTY_BODY = YES;
				CLANG_WARN_ENUM_CONVERSION = YES;
				CLANG_WARN_INFINITE_RECURSION = YES;
				CLANG_WARN_INT_CONVERSION = YES;
				CLANG_WARN_NON_LITERAL_NULL_CONVERSION = YES;
				CLANG_WARN_OBJC_IMPLICIT_RETAIN_SELF = YES;
				CLANG_WARN_OBJC_LITERAL_CONVERSION = YES;
				CLANG_WARN_OBJC_ROOT_CLASS = YES_ERROR;
				CLANG_WARN_QUOTED_INCLUDE_IN_FRAMEWORK_HEADER = YES;
				CLANG_WARN_RANGE_LOOP_ANALYSIS = YES;
				CLANG_WARN_STRICT_PROTOTYPES = YES;
				CLANG_WARN_SUSPICIOUS_MOVE = YES;
				CLANG_WARN_UNGUARDED_AVAILABILITY = YES_AGGRESSIVE;
				CLANG_WARN_UNREACHABLE_CODE = YES;
				CLANG_WARN__DUPLICATE_METHOD_MATCH = YES;
				COPY_PHASE_STRIP = NO;
				DEBUG_INFORMATION_FORMAT = "dwarf-with-dsym";
				ENABLE_NS_ASSERTIONS = NO;
				ENABLE_STRICT_OBJC_MSGSEND = YES;
				ENABLE_USER_SCRIPT_SANDBOXING = YES;
				GCC_C_LANGUAGE_STANDARD = gnu17;
				GCC_NO_COMMON_BLOCKS = YES;
				GCC_WARN_64_TO_32_BIT_CONVERSION = YES;
				GCC_WARN_ABOUT_RETURN_TYPE = YES_ERROR;
				GCC_WARN_UNDECLARED_SELECTOR = YES;
				GCC_WARN_UNINITIALIZED_AUTOS = YES_AGGRESSIVE;
				GCC_WARN_UNUSED_FUNCTION = YES;
				GCC_WARN_UNUSED_VARIABLE = YES;
				IPHONEOS_DEPLOYMENT_TARGET = 17.2;
				LOCALIZATION_PREFERS_STRING_CATALOGS = YES;
				MTL_ENABLE_DEBUG_INFO = NO;
				MTL_FAST_MATH = YES;
				SDKROOT = iphoneos;
				SWIFT_COMPILATION_MODE = wholemodule;
				VALIDATE_PRODUCT = YES;
			};
			name = Release;
		};
		07D443922B66B9BB0026ADEB /* Debug */ = {
			isa = XCBuildConfiguration;
			buildSettings = {
				ASSETCATALOG_COMPILER_APPICON_NAME = AppIcon;
				ASSETCATALOG_COMPILER_GLOBAL_ACCENT_COLOR_NAME = AccentColor;
				CODE_SIGN_STYLE = Automatic;
				CURRENT_PROJECT_VERSION = 1;
				DEVELOPMENT_ASSET_PATHS = "\"iSwiftAssignment1/Preview Content\"";
				DEVELOPMENT_TEAM = 29847W59N9;
				ENABLE_PREVIEWS = YES;
				GENERATE_INFOPLIST_FILE = YES;
				INFOPLIST_KEY_UIApplicationSceneManifest_Generation = YES;
				INFOPLIST_KEY_UIApplicationSupportsIndirectInputEvents = YES;
				INFOPLIST_KEY_UILaunchScreen_Generation = YES;
				INFOPLIST_KEY_UIStatusBarStyle = "";
				INFOPLIST_KEY_UISupportedInterfaceOrientations = UIInterfaceOrientationPortrait;
				INFOPLIST_KEY_UISupportedInterfaceOrientations_iPad = "UIInterfaceOrientationLandscapeLeft UIInterfaceOrientationLandscapeRight UIInterfaceOrientationPortrait UIInterfaceOrientationPortraitUpsideDown";
				IPHONEOS_DEPLOYMENT_TARGET = 16.0;
				LD_RUNPATH_SEARCH_PATHS = (
					"$(inherited)",
					"@executable_path/Frameworks",
				);
				MARKETING_VERSION = 1.0;
				PRODUCT_BUNDLE_IDENTIFIER = bocirat.iSwiftAssignment1;
				PRODUCT_NAME = "$(TARGET_NAME)";
				SUPPORTED_PLATFORMS = "iphoneos iphonesimulator";
				SUPPORTS_MACCATALYST = NO;
				SUPPORTS_MAC_DESIGNED_FOR_IPHONE_IPAD = NO;
				SWIFT_EMIT_LOC_STRINGS = YES;
				SWIFT_VERSION = 5.0;
				TARGETED_DEVICE_FAMILY = 1;
			};
			name = Debug;
		};
		07D443932B66B9BB0026ADEB /* Release */ = {
			isa = XCBuildConfiguration;
			buildSettings = {
				ASSETCATALOG_COMPILER_APPICON_NAME = AppIcon;
				ASSETCATALOG_COMPILER_GLOBAL_ACCENT_COLOR_NAME = AccentColor;
				CODE_SIGN_STYLE = Automatic;
				CURRENT_PROJECT_VERSION = 1;
				DEVELOPMENT_ASSET_PATHS = "\"iSwiftAssignment1/Preview Content\"";
				DEVELOPMENT_TEAM = 29847W59N9;
				ENABLE_PREVIEWS = YES;
				GENERATE_INFOPLIST_FILE = YES;
				INFOPLIST_KEY_UIApplicationSceneManifest_Generation = YES;
				INFOPLIST_KEY_UIApplicationSupportsIndirectInputEvents = YES;
				INFOPLIST_KEY_UILaunchScreen_Generation = YES;
				INFOPLIST_KEY_UIStatusBarStyle = "";
				INFOPLIST_KEY_UISupportedInterfaceOrientations = UIInterfaceOrientationPortrait;
				INFOPLIST_KEY_UISupportedInterfaceOrientations_iPad = "UIInterfaceOrientationLandscapeLeft UIInterfaceOrientationLandscapeRight UIInterfaceOrientationPortrait UIInterfaceOrientationPortraitUpsideDown";
				IPHONEOS_DEPLOYMENT_TARGET = 16.0;
				LD_RUNPATH_SEARCH_PATHS = (
					"$(inherited)",
					"@executable_path/Frameworks",
				);
				MARKETING_VERSION = 1.0;
				PRODUCT_BUNDLE_IDENTIFIER = bocirat.iSwiftAssignment1;
				PRODUCT_NAME = "$(TARGET_NAME)";
				SUPPORTED_PLATFORMS = "iphoneos iphonesimulator";
				SUPPORTS_MACCATALYST = NO;
				SUPPORTS_MAC_DESIGNED_FOR_IPHONE_IPAD = NO;
				SWIFT_EMIT_LOC_STRINGS = YES;
				SWIFT_VERSION = 5.0;
				TARGETED_DEVICE_FAMILY = 1;
			};
			name = Release;
		};
/* End XCBuildConfiguration section */

/* Begin XCConfigurationList section */
		07D4437E2B66B9B90026ADEB /* Build configuration list for PBXProject "iSwiftAssignment1" */ = {
			isa = XCConfigurationList;
			buildConfigurations = (
				07D4438F2B66B9BB0026ADEB /* Debug */,
				07D443902B66B9BB0026ADEB /* Release */,
			);
			defaultConfigurationIsVisible = 0;
			defaultConfigurationName = Release;
		};
		07D443912B66B9BB0026ADEB /* Build configuration list for PBXNativeTarget "iSwiftAssignment1" */ = {
			isa = XCConfigurationList;
			buildConfigurations = (
				07D443922B66B9BB0026ADEB /* Debug */,
				07D443932B66B9BB0026ADEB /* Release */,
			);
			defaultConfigurationIsVisible = 0;
			defaultConfigurationName = Release;
		};
/* End XCConfigurationList section */
	};
	rootObject = 07D4437B2B66B9B90026ADEB /* Project object */;
}
